
Microsoft Visual Studio Solution File, Format Version 12.00
# Visual Studio Version 16
VisualStudioVersion = 16.0.31112.23
MinimumVisualStudioVersion = 10.0.40219.1
Project("{9A19103F-16F7-4668-BE54-9A1E7A4F7556}") = "TacticalShop.Backend", "TacticalShop.Backend\TacticalShop.Backend.csproj", "{8B9E9942-374A-4102-A657-EBDACB3693C2}"
EndProject
Project("{9A19103F-16F7-4668-BE54-9A1E7A4F7556}") = "TacticalShop.Frontend", "TacticalShop.Frontend\TacticalShop.Frontend.csproj", "{4233424A-A6DE-4A8B-838E-C71F7E5D8E49}"
EndProject
Project("{9A19103F-16F7-4668-BE54-9A1E7A4F7556}") = "TacticalShop.ViewModels", "TacticalShop.ViewModels\TacticalShop.ViewModels.csproj", "{3651C432-EE77-485F-91A5-0519CA98952B}"
EndProject
Project("{9A19103F-16F7-4668-BE54-9A1E7A4F7556}") = "TacticalShop.Test", "TacticalShop.Test\TacticalShop.Test.csproj", "{BAF26EA0-068F-4A2D-BDFA-9BFA2E6CD4A8}"
EndProject
Global
	GlobalSection(SolutionConfigurationPlatforms) = preSolution
		Debug|Any CPU = Debug|Any CPU
		Release|Any CPU = Release|Any CPU
	EndGlobalSection
	GlobalSection(ProjectConfigurationPlatforms) = postSolution
		{8B9E9942-374A-4102-A657-EBDACB3693C2}.Debug|Any CPU.ActiveCfg = Debug|Any CPU
		{8B9E9942-374A-4102-A657-EBDACB3693C2}.Debug|Any CPU.Build.0 = Debug|Any CPU
		{8B9E9942-374A-4102-A657-EBDACB3693C2}.Release|Any CPU.ActiveCfg = Release|Any CPU
		{8B9E9942-374A-4102-A657-EBDACB3693C2}.Release|Any CPU.Build.0 = Release|Any CPU
		{4233424A-A6DE-4A8B-838E-C71F7E5D8E49}.Debug|Any CPU.ActiveCfg = Debug|Any CPU
		{4233424A-A6DE-4A8B-838E-C71F7E5D8E49}.Debug|Any CPU.Build.0 = Debug|Any CPU
		{4233424A-A6DE-4A8B-838E-C71F7E5D8E49}.Release|Any CPU.ActiveCfg = Release|Any CPU
		{4233424A-A6DE-4A8B-838E-C71F7E5D8E49}.Release|Any CPU.Build.0 = Release|Any CPU
		{3651C432-EE77-485F-91A5-0519CA98952B}.Debug|Any CPU.ActiveCfg = Debug|Any CPU
		{3651C432-EE77-485F-91A5-0519CA98952B}.Debug|Any CPU.Build.0 = Debug|Any CPU
		{3651C432-EE77-485F-91A5-0519CA98952B}.Release|Any CPU.ActiveCfg = Release|Any CPU
		{3651C432-EE77-485F-91A5-0519CA98952B}.Release|Any CPU.Build.0 = Release|Any CPU
		{BAF26EA0-068F-4A2D-BDFA-9BFA2E6CD4A8}.Debug|Any CPU.ActiveCfg = Debug|Any CPU
		{BAF26EA0-068F-4A2D-BDFA-9BFA2E6CD4A8}.Debug|Any CPU.Build.0 = Debug|Any CPU
		{BAF26EA0-068F-4A2D-BDFA-9BFA2E6CD4A8}.Release|Any CPU.ActiveCfg = Release|Any CPU
		{BAF26EA0-068F-4A2D-BDFA-9BFA2E6CD4A8}.Release|Any CPU.Build.0 = Release|Any CPU
	EndGlobalSection
	GlobalSection(SolutionProperties) = preSolution
		HideSolutionNode = FALSE
	EndGlobalSection
	GlobalSection(ExtensibilityGlobals) = postSolution
		SolutionGuid = {3DFCEE67-9424-472B-A1A4-11DE20D26A5D}
	EndGlobalSection
EndGlobal
